// !$*UTF8*$!
{
	archiveVersion = 1;
	classes = {
	};
	objectVersion = 56;
	objects = {

/* Begin PBXBuildFile section */
		3F355D0329CF2AA000680BFF /* Team.swift in Sources */ = {isa = PBXBuildFile; fileRef = 3F355D0229CF2AA000680BFF /* Team.swift */; };
		3F355D0529CF2BF200680BFF /* Manager.swift in Sources */ = {isa = PBXBuildFile; fileRef = 3F355D0429CF2BF200680BFF /* Manager.swift */; };
		3F355D0829CF2D4000680BFF /* TeamsViewModel.swift in Sources */ = {isa = PBXBuildFile; fileRef = 3F355D0729CF2D4000680BFF /* TeamsViewModel.swift */; };
		3F355D0B29CF4FA200680BFF /* TeamTableViewCell.swift in Sources */ = {isa = PBXBuildFile; fileRef = 3F355D0A29CF4FA200680BFF /* TeamTableViewCell.swift */; };
		3F4562D629CDBBB60077C494 /* AppDelegate.swift in Sources */ = {isa = PBXBuildFile; fileRef = 3F4562D529CDBBB60077C494 /* AppDelegate.swift */; };
		3F4562D829CDBBB60077C494 /* SceneDelegate.swift in Sources */ = {isa = PBXBuildFile; fileRef = 3F4562D729CDBBB60077C494 /* SceneDelegate.swift */; };
		3F4562DD29CDBBB60077C494 /* Main.storyboard in Resources */ = {isa = PBXBuildFile; fileRef = 3F4562DB29CDBBB60077C494 /* Main.storyboard */; };
		3F4562E229CDBBB70077C494 /* LaunchScreen.storyboard in Resources */ = {isa = PBXBuildFile; fileRef = 3F4562E029CDBBB70077C494 /* LaunchScreen.storyboard */; };
		3F7395DB29CE4923002D0BFB /* burnley.mp3 in Resources */ = {isa = PBXBuildFile; fileRef = 3F7395C729CE4923002D0BFB /* burnley.mp3 */; };
		3F7395DC29CE4923002D0BFB /* newcastle.mp3 in Resources */ = {isa = PBXBuildFile; fileRef = 3F7395C829CE4923002D0BFB /* newcastle.mp3 */; };
		3F7395DD29CE4923002D0BFB /* sheffield.mp3 in Resources */ = {isa = PBXBuildFile; fileRef = 3F7395C929CE4923002D0BFB /* sheffield.mp3 */; };
		3F7395DE29CE4923002D0BFB /* west_brom.mp3 in Resources */ = {isa = PBXBuildFile; fileRef = 3F7395CA29CE4923002D0BFB /* west_brom.mp3 */; };
		3F7395DF29CE4923002D0BFB /* wolves.mp3 in Resources */ = {isa = PBXBuildFile; fileRef = 3F7395CB29CE4923002D0BFB /* wolves.mp3 */; };
		3F7395E029CE4923002D0BFB /* aston_villa.mp3 in Resources */ = {isa = PBXBuildFile; fileRef = 3F7395CC29CE4923002D0BFB /* aston_villa.mp3 */; };
		3F7395E129CE4923002D0BFB /* liverpool.mp3 in Resources */ = {isa = PBXBuildFile; fileRef = 3F7395CD29CE4923002D0BFB /* liverpool.mp3 */; };
		3F7395E229CE4923002D0BFB /* fulham.mp3 in Resources */ = {isa = PBXBuildFile; fileRef = 3F7395CE29CE4923002D0BFB /* fulham.mp3 */; };
		3F7395E329CE4923002D0BFB /* southampton.mp3 in Resources */ = {isa = PBXBuildFile; fileRef = 3F7395CF29CE4923002D0BFB /* southampton.mp3 */; };
		3F7395E429CE4923002D0BFB /* chelsea.mp3 in Resources */ = {isa = PBXBuildFile; fileRef = 3F7395D029CE4923002D0BFB /* chelsea.mp3 */; };
		3F7395E529CE4923002D0BFB /* leeds.mp3 in Resources */ = {isa = PBXBuildFile; fileRef = 3F7395D129CE4923002D0BFB /* leeds.mp3 */; };
		3F7395E629CE4923002D0BFB /* palace.mp3 in Resources */ = {isa = PBXBuildFile; fileRef = 3F7395D229CE4923002D0BFB /* palace.mp3 */; };
		3F7395E729CE4923002D0BFB /* tottenham.mp3 in Resources */ = {isa = PBXBuildFile; fileRef = 3F7395D329CE4923002D0BFB /* tottenham.mp3 */; };
		3F7395E829CE4923002D0BFB /* brighton.mp3 in Resources */ = {isa = PBXBuildFile; fileRef = 3F7395D429CE4923002D0BFB /* brighton.mp3 */; };
		3F7395E929CE4923002D0BFB /* leicester.mp3 in Resources */ = {isa = PBXBuildFile; fileRef = 3F7395D529CE4923002D0BFB /* leicester.mp3 */; };
		3F7395EA29CE4923002D0BFB /* manchester_city.mp3 in Resources */ = {isa = PBXBuildFile; fileRef = 3F7395D629CE4923002D0BFB /* manchester_city.mp3 */; };
		3F7395EB29CE4923002D0BFB /* manchester_united.mp3 in Resources */ = {isa = PBXBuildFile; fileRef = 3F7395D729CE4923002D0BFB /* manchester_united.mp3 */; };
		3F7395EC29CE4923002D0BFB /* arsenal.mp3 in Resources */ = {isa = PBXBuildFile; fileRef = 3F7395D829CE4923002D0BFB /* arsenal.mp3 */; };
		3F7395ED29CE4923002D0BFB /* everton.mp3 in Resources */ = {isa = PBXBuildFile; fileRef = 3F7395D929CE4923002D0BFB /* everton.mp3 */; };
		3F7395EE29CE4923002D0BFB /* Teams.swift in Sources */ = {isa = PBXBuildFile; fileRef = 3F7395DA29CE4923002D0BFB /* Teams.swift */; };
		3F7395F029CE494F002D0BFB /* Assets.xcassets in Resources */ = {isa = PBXBuildFile; fileRef = 3F7395EF29CE494F002D0BFB /* Assets.xcassets */; };
		3F7395F329CE525B002D0BFB /* ChantsViewController.swift in Sources */ = {isa = PBXBuildFile; fileRef = 3F7395F229CE525B002D0BFB /* ChantsViewController.swift */; };
/* End PBXBuildFile section */

/* Begin PBXFileReference section */
		3F355D0229CF2AA000680BFF /* Team.swift */ = {isa = PBXFileReference; lastKnownFileType = sourcecode.swift; path = Team.swift; sourceTree = "<group>"; };
		3F355D0429CF2BF200680BFF /* Manager.swift */ = {isa = PBXFileReference; lastKnownFileType = sourcecode.swift; path = Manager.swift; sourceTree = "<group>"; };
		3F355D0729CF2D4000680BFF /* TeamsViewModel.swift */ = {isa = PBXFileReference; fileEncoding = 4; lastKnownFileType = sourcecode.swift; path = TeamsViewModel.swift; sourceTree = "<group>"; };
		3F355D0A29CF4FA200680BFF /* TeamTableViewCell.swift */ = {isa = PBXFileReference; lastKnownFileType = sourcecode.swift; path = TeamTableViewCell.swift; sourceTree = "<group>"; };
		3F4562D229CDBBB60077C494 /* premierLig.app */ = {isa = PBXFileReference; explicitFileType = wrapper.application; includeInIndex = 0; path = premierLig.app; sourceTree = BUILT_PRODUCTS_DIR; };
		3F4562D529CDBBB60077C494 /* AppDelegate.swift */ = {isa = PBXFileReference; lastKnownFileType = sourcecode.swift; path = AppDelegate.swift; sourceTree = "<group>"; };
		3F4562D729CDBBB60077C494 /* SceneDelegate.swift */ = {isa = PBXFileReference; lastKnownFileType = sourcecode.swift; path = SceneDelegate.swift; sourceTree = "<group>"; };
		3F4562DC29CDBBB60077C494 /* Base */ = {isa = PBXFileReference; lastKnownFileType = file.storyboard; name = Base; path = Base.lproj/Main.storyboard; sourceTree = "<group>"; };
		3F4562E129CDBBB70077C494 /* Base */ = {isa = PBXFileReference; lastKnownFileType = file.storyboard; name = Base; path = Base.lproj/LaunchScreen.storyboard; sourceTree = "<group>"; };
		3F4562E329CDBBB70077C494 /* Info.plist */ = {isa = PBXFileReference; lastKnownFileType = text.plist.xml; path = Info.plist; sourceTree = "<group>"; };
		3F7395C729CE4923002D0BFB /* burnley.mp3 */ = {isa = PBXFileReference; lastKnownFileType = audio.mp3; path = burnley.mp3; sourceTree = "<group>"; };
		3F7395C829CE4923002D0BFB /* newcastle.mp3 */ = {isa = PBXFileReference; lastKnownFileType = audio.mp3; path = newcastle.mp3; sourceTree = "<group>"; };
		3F7395C929CE4923002D0BFB /* sheffield.mp3 */ = {isa = PBXFileReference; lastKnownFileType = audio.mp3; path = sheffield.mp3; sourceTree = "<group>"; };
		3F7395CA29CE4923002D0BFB /* west_brom.mp3 */ = {isa = PBXFileReference; lastKnownFileType = audio.mp3; path = west_brom.mp3; sourceTree = "<group>"; };
		3F7395CB29CE4923002D0BFB /* wolves.mp3 */ = {isa = PBXFileReference; lastKnownFileType = audio.mp3; path = wolves.mp3; sourceTree = "<group>"; };
		3F7395CC29CE4923002D0BFB /* aston_villa.mp3 */ = {isa = PBXFileReference; lastKnownFileType = audio.mp3; path = aston_villa.mp3; sourceTree = "<group>"; };
		3F7395CD29CE4923002D0BFB /* liverpool.mp3 */ = {isa = PBXFileReference; lastKnownFileType = audio.mp3; path = liverpool.mp3; sourceTree = "<group>"; };
		3F7395CE29CE4923002D0BFB /* fulham.mp3 */ = {isa = PBXFileReference; lastKnownFileType = audio.mp3; path = fulham.mp3; sourceTree = "<group>"; };
		3F7395CF29CE4923002D0BFB /* southampton.mp3 */ = {isa = PBXFileReference; lastKnownFileType = audio.mp3; path = southampton.mp3; sourceTree = "<group>"; };
		3F7395D029CE4923002D0BFB /* chelsea.mp3 */ = {isa = PBXFileReference; lastKnownFileType = audio.mp3; path = chelsea.mp3; sourceTree = "<group>"; };
		3F7395D129CE4923002D0BFB /* leeds.mp3 */ = {isa = PBXFileReference; lastKnownFileType = audio.mp3; path = leeds.mp3; sourceTree = "<group>"; };
		3F7395D229CE4923002D0BFB /* palace.mp3 */ = {isa = PBXFileReference; lastKnownFileType = audio.mp3; path = palace.mp3; sourceTree = "<group>"; };
		3F7395D329CE4923002D0BFB /* tottenham.mp3 */ = {isa = PBXFileReference; lastKnownFileType = audio.mp3; path = tottenham.mp3; sourceTree = "<group>"; };
		3F7395D429CE4923002D0BFB /* brighton.mp3 */ = {isa = PBXFileReference; lastKnownFileType = audio.mp3; path = brighton.mp3; sourceTree = "<group>"; };
		3F7395D529CE4923002D0BFB /* leicester.mp3 */ = {isa = PBXFileReference; lastKnownFileType = audio.mp3; path = leicester.mp3; sourceTree = "<group>"; };
		3F7395D629CE4923002D0BFB /* manchester_city.mp3 */ = {isa = PBXFileReference; lastKnownFileType = audio.mp3; path = manchester_city.mp3; sourceTree = "<group>"; };
		3F7395D729CE4923002D0BFB /* manchester_united.mp3 */ = {isa = PBXFileReference; lastKnownFileType = audio.mp3; path = manchester_united.mp3; sourceTree = "<group>"; };
		3F7395D829CE4923002D0BFB /* arsenal.mp3 */ = {isa = PBXFileReference; lastKnownFileType = audio.mp3; path = arsenal.mp3; sourceTree = "<group>"; };
		3F7395D929CE4923002D0BFB /* everton.mp3 */ = {isa = PBXFileReference; lastKnownFileType = audio.mp3; path = everton.mp3; sourceTree = "<group>"; };
		3F7395DA29CE4923002D0BFB /* Teams.swift */ = {isa = PBXFileReference; fileEncoding = 4; lastKnownFileType = sourcecode.swift; path = Teams.swift; sourceTree = "<group>"; };
		3F7395EF29CE494F002D0BFB /* Assets.xcassets */ = {isa = PBXFileReference; lastKnownFileType = folder.assetcatalog; path = Assets.xcassets; sourceTree = "<group>"; };
		3F7395F229CE525B002D0BFB /* ChantsViewController.swift */ = {isa = PBXFileReference; lastKnownFileType = sourcecode.swift; path = ChantsViewController.swift; sourceTree = "<group>"; };
/* End PBXFileReference section */

/* Begin PBXFrameworksBuildPhase section */
		3F4562CF29CDBBB60077C494 /* Frameworks */ = {
			isa = PBXFrameworksBuildPhase;
			buildActionMask = 2147483647;
			files = (
			);
			runOnlyForDeploymentPostprocessing = 0;
		};
/* End PBXFrameworksBuildPhase section */

/* Begin PBXGroup section */
		3F355D0129CF2A9100680BFF /* Model */ = {
			isa = PBXGroup;
			children = (
				3F355D0229CF2AA000680BFF /* Team.swift */,
				3F355D0429CF2BF200680BFF /* Manager.swift */,
			);
			path = Model;
			sourceTree = "<group>";
		};
		3F355D0629CF2D4000680BFF /* ViewModel */ = {
			isa = PBXGroup;
			children = (
				3F355D0729CF2D4000680BFF /* TeamsViewModel.swift */,
			);
			path = ViewModel;
			sourceTree = "<group>";
		};
		3F355D0929CF4F6700680BFF /* View */ = {
			isa = PBXGroup;
			children = (
				3F355D0A29CF4FA200680BFF /* TeamTableViewCell.swift */,
			);
			path = View;
			sourceTree = "<group>";
		};
		3F4562C929CDBBB60077C494 = {
			isa = PBXGroup;
			children = (
				3F4562D429CDBBB60077C494 /* premierLig */,
				3F4562D329CDBBB60077C494 /* Products */,
			);
			sourceTree = "<group>";
		};
		3F4562D329CDBBB60077C494 /* Products */ = {
			isa = PBXGroup;
			children = (
				3F4562D229CDBBB60077C494 /* premierLig.app */,
			);
			name = Products;
			sourceTree = "<group>";
		};
		3F4562D429CDBBB60077C494 /* premierLig */ = {
			isa = PBXGroup;
			children = (
				3F355D0929CF4F6700680BFF /* View */,
				3F355D0629CF2D4000680BFF /* ViewModel */,
				3F355D0129CF2A9100680BFF /* Model */,
				3F7395F129CE51F8002D0BFB /* ViewControllers */,
				3F7395C529CE4923002D0BFB /* Resources */,
				3F4562D529CDBBB60077C494 /* AppDelegate.swift */,
				3F4562D729CDBBB60077C494 /* SceneDelegate.swift */,
				3F7395EF29CE494F002D0BFB /* Assets.xcassets */,
				3F4562DB29CDBBB60077C494 /* Main.storyboard */,
				3F4562E029CDBBB70077C494 /* LaunchScreen.storyboard */,
				3F4562E329CDBBB70077C494 /* Info.plist */,
			);
			path = premierLig;
			sourceTree = "<group>";
		};
		3F7395C529CE4923002D0BFB /* Resources */ = {
			isa = PBXGroup;
			children = (
				3F7395C629CE4923002D0BFB /* Chants */,
				3F7395DA29CE4923002D0BFB /* Teams.swift */,
			);
			path = Resources;
			sourceTree = "<group>";
		};
		3F7395C629CE4923002D0BFB /* Chants */ = {
			isa = PBXGroup;
			children = (
				3F7395C729CE4923002D0BFB /* burnley.mp3 */,
				3F7395C829CE4923002D0BFB /* newcastle.mp3 */,
				3F7395C929CE4923002D0BFB /* sheffield.mp3 */,
				3F7395CA29CE4923002D0BFB /* west_brom.mp3 */,
				3F7395CB29CE4923002D0BFB /* wolves.mp3 */,
				3F7395CC29CE4923002D0BFB /* aston_villa.mp3 */,
				3F7395CD29CE4923002D0BFB /* liverpool.mp3 */,
				3F7395CE29CE4923002D0BFB /* fulham.mp3 */,
				3F7395CF29CE4923002D0BFB /* southampton.mp3 */,
				3F7395D029CE4923002D0BFB /* chelsea.mp3 */,
				3F7395D129CE4923002D0BFB /* leeds.mp3 */,
				3F7395D229CE4923002D0BFB /* palace.mp3 */,
				3F7395D329CE4923002D0BFB /* tottenham.mp3 */,
				3F7395D429CE4923002D0BFB /* brighton.mp3 */,
				3F7395D529CE4923002D0BFB /* leicester.mp3 */,
				3F7395D629CE4923002D0BFB /* manchester_city.mp3 */,
				3F7395D729CE4923002D0BFB /* manchester_united.mp3 */,
				3F7395D829CE4923002D0BFB /* arsenal.mp3 */,
				3F7395D929CE4923002D0BFB /* everton.mp3 */,
			);
			path = Chants;
			sourceTree = "<group>";
		};
		3F7395F129CE51F8002D0BFB /* ViewControllers */ = {
			isa = PBXGroup;
			children = (
				3F7395F229CE525B002D0BFB /* ChantsViewController.swift */,
			);
			path = ViewControllers;
			sourceTree = "<group>";
		};
/* End PBXGroup section */

/* Begin PBXNativeTarget section */
		3F4562D129CDBBB60077C494 /* premierLig */ = {
			isa = PBXNativeTarget;
			buildConfigurationList = 3F4562E629CDBBB70077C494 /* Build configuration list for PBXNativeTarget "premierLig" */;
			buildPhases = (
				3F4562CE29CDBBB60077C494 /* Sources */,
				3F4562CF29CDBBB60077C494 /* Frameworks */,
				3F4562D029CDBBB60077C494 /* Resources */,
			);
			buildRules = (
			);
			dependencies = (
			);
			name = premierLig;
			productName = premierLig;
			productReference = 3F4562D229CDBBB60077C494 /* premierLig.app */;
			productType = "com.apple.product-type.application";
		};
/* End PBXNativeTarget section */

/* Begin PBXProject section */
		3F4562CA29CDBBB60077C494 /* Project object */ = {
			isa = PBXProject;
			attributes = {
				BuildIndependentTargetsInParallel = 1;
				LastSwiftUpdateCheck = 1420;
				LastUpgradeCheck = 1420;
				TargetAttributes = {
					3F4562D129CDBBB60077C494 = {
						CreatedOnToolsVersion = 14.2;
					};
				};
			};
			buildConfigurationList = 3F4562CD29CDBBB60077C494 /* Build configuration list for PBXProject "premierLig" */;
			compatibilityVersion = "Xcode 14.0";
			developmentRegion = en;
			hasScannedForEncodings = 0;
			knownRegions = (
				en,
				Base,
			);
			mainGroup = 3F4562C929CDBBB60077C494;
			productRefGroup = 3F4562D329CDBBB60077C494 /* Products */;
			projectDirPath = "";
			projectRoot = "";
			targets = (
				3F4562D129CDBBB60077C494 /* premierLig */,
			);
		};
/* End PBXProject section */

/* Begin PBXResourcesBuildPhase section */
		3F4562D029CDBBB60077C494 /* Resources */ = {
			isa = PBXResourcesBuildPhase;
			buildActionMask = 2147483647;
			files = (
				3F4562E229CDBBB70077C494 /* LaunchScreen.storyboard in Resources */,
				3F7395EA29CE4923002D0BFB /* manchester_city.mp3 in Resources */,
				3F7395F029CE494F002D0BFB /* Assets.xcassets in Resources */,
				3F7395E729CE4923002D0BFB /* tottenham.mp3 in Resources */,
				3F7395E229CE4923002D0BFB /* fulham.mp3 in Resources */,
				3F7395E029CE4923002D0BFB /* aston_villa.mp3 in Resources */,
				3F7395DC29CE4923002D0BFB /* newcastle.mp3 in Resources */,
				3F7395EB29CE4923002D0BFB /* manchester_united.mp3 in Resources */,
				3F7395E529CE4923002D0BFB /* leeds.mp3 in Resources */,
				3F4562DD29CDBBB60077C494 /* Main.storyboard in Resources */,
				3F7395E829CE4923002D0BFB /* brighton.mp3 in Resources */,
				3F7395E629CE4923002D0BFB /* palace.mp3 in Resources */,
				3F7395E329CE4923002D0BFB /* southampton.mp3 in Resources */,
				3F7395DF29CE4923002D0BFB /* wolves.mp3 in Resources */,
				3F7395ED29CE4923002D0BFB /* everton.mp3 in Resources */,
				3F7395DE29CE4923002D0BFB /* west_brom.mp3 in Resources */,
				3F7395DB29CE4923002D0BFB /* burnley.mp3 in Resources */,
				3F7395EC29CE4923002D0BFB /* arsenal.mp3 in Resources */,
				3F7395E929CE4923002D0BFB /* leicester.mp3 in Resources */,
				3F7395DD29CE4923002D0BFB /* sheffield.mp3 in Resources */,
				3F7395E429CE4923002D0BFB /* chelsea.mp3 in Resources */,
				3F7395E129CE4923002D0BFB /* liverpool.mp3 in Resources */,
			);
			runOnlyForDeploymentPostprocessing = 0;
		};
/* End PBXResourcesBuildPhase section */

/* Begin PBXSourcesBuildPhase section */
		3F4562CE29CDBBB60077C494 /* Sources */ = {
			isa = PBXSourcesBuildPhase;
			buildActionMask = 2147483647;
			files = (
				3F7395F329CE525B002D0BFB /* ChantsViewController.swift in Sources */,
				3F355D0829CF2D4000680BFF /* TeamsViewModel.swift in Sources */,
				3F355D0529CF2BF200680BFF /* Manager.swift in Sources */,
				3F7395EE29CE4923002D0BFB /* Teams.swift in Sources */,
				3F355D0B29CF4FA200680BFF /* TeamTableViewCell.swift in Sources */,
				3F4562D629CDBBB60077C494 /* AppDelegate.swift in Sources */,
				3F355D0329CF2AA000680BFF /* Team.swift in Sources */,
				3F4562D829CDBBB60077C494 /* SceneDelegate.swift in Sources */,
			);
			runOnlyForDeploymentPostprocessing = 0;
		};
/* End PBXSourcesBuildPhase section */

/* Begin PBXVariantGroup section */
		3F4562DB29CDBBB60077C494 /* Main.storyboard */ = {
			isa = PBXVariantGroup;
			children = (
				3F4562DC29CDBBB60077C494 /* Base */,
			);
			name = Main.storyboard;
			sourceTree = "<group>";
		};
		3F4562E029CDBBB70077C494 /* LaunchScreen.storyboard */ = {
			isa = PBXVariantGroup;
			children = (
				3F4562E129CDBBB70077C494 /* Base */,
			);
			name = LaunchScreen.storyboard;
			sourceTree = "<group>";
		};
/* End PBXVariantGroup section */

/* Begin XCBuildConfiguration section */
		3F4562E429CDBBB70077C494 /* Debug */ = {
			isa = XCBuildConfiguration;
			buildSettings = {
				ALWAYS_SEARCH_USER_PATHS = NO;
				CLANG_ANALYZER_NONNULL = YES;
				CLANG_ANALYZER_NUMBER_OBJECT_CONVERSION = YES_AGGRESSIVE;
				CLANG_CXX_LANGUAGE_STANDARD = "gnu++20";
				CLANG_ENABLE_MODULES = YES;
				CLANG_ENABLE_OBJC_ARC = YES;
				CLANG_ENABLE_OBJC_WEAK = YES;
				CLANG_WARN_BLOCK_CAPTURE_AUTORELEASING = YES;
				CLANG_WARN_BOOL_CONVERSION = YES;
				CLANG_WARN_COMMA = YES;
				CLANG_WARN_CONSTANT_CONVERSION = YES;
				CLANG_WARN_DEPRECATED_OBJC_IMPLEMENTATIONS = YES;
				CLANG_WARN_DIRECT_OBJC_ISA_USAGE = YES_ERROR;
				CLANG_WARN_DOCUMENTATION_COMMENTS = YES;
				CLANG_WARN_EMPTY_BODY = YES;
				CLANG_WARN_ENUM_CONVERSION = YES;
				CLANG_WARN_INFINITE_RECURSION = YES;
				CLANG_WARN_INT_CONVERSION = YES;
				CLANG_WARN_NON_LITERAL_NULL_CONVERSION = YES;
				CLANG_WARN_OBJC_IMPLICIT_RETAIN_SELF = YES;
				CLANG_WARN_OBJC_LITERAL_CONVERSION = YES;
				CLANG_WARN_OBJC_ROOT_CLASS = YES_ERROR;
				CLANG_WARN_QUOTED_INCLUDE_IN_FRAMEWORK_HEADER = YES;
				CLANG_WARN_RANGE_LOOP_ANALYSIS = YES;
				CLANG_WARN_STRICT_PROTOTYPES = YES;
				CLANG_WARN_SUSPICIOUS_MOVE = YES;
				CLANG_WARN_UNGUARDED_AVAILABILITY = YES_AGGRESSIVE;
				CLANG_WARN_UNREACHABLE_CODE = YES;
				CLANG_WARN__DUPLICATE_METHOD_MATCH = YES;
				COPY_PHASE_STRIP = NO;
				DEBUG_INFORMATION_FORMAT = dwarf;
				ENABLE_STRICT_OBJC_MSGSEND = YES;
				ENABLE_TESTABILITY = YES;
				GCC_C_LANGUAGE_STANDARD = gnu11;
				GCC_DYNAMIC_NO_PIC = NO;
				GCC_NO_COMMON_BLOCKS = YES;
				GCC_OPTIMIZATION_LEVEL = 0;
				GCC_PREPROCESSOR_DEFINITIONS = (
					"DEBUG=1",
					"$(inherited)",
				);
				GCC_WARN_64_TO_32_BIT_CONVERSION = YES;
				GCC_WARN_ABOUT_RETURN_TYPE = YES_ERROR;
				GCC_WARN_UNDECLARED_SELECTOR = YES;
				GCC_WARN_UNINITIALIZED_AUTOS = YES_AGGRESSIVE;
				GCC_WARN_UNUSED_FUNCTION = YES;
				GCC_WARN_UNUSED_VARIABLE = YES;
				IPHONEOS_DEPLOYMENT_TARGET = 16.2;
				MTL_ENABLE_DEBUG_INFO = INCLUDE_SOURCE;
				MTL_FAST_MATH = YES;
				ONLY_ACTIVE_ARCH = YES;
				SDKROOT = iphoneos;
				SWIFT_ACTIVE_COMPILATION_CONDITIONS = DEBUG;
				SWIFT_OPTIMIZATION_LEVEL = "-Onone";
			};
			name = Debug;
		};
		3F4562E529CDBBB70077C494 /* Release */ = {
			isa = XCBuildConfiguration;
			buildSettings = {
				ALWAYS_SEARCH_USER_PATHS = NO;
				CLANG_ANALYZER_NONNULL = YES;
				CLANG_ANALYZER_NUMBER_OBJECT_CONVERSION = YES_AGGRESSIVE;
				CLANG_CXX_LANGUAGE_STANDARD = "gnu++20";
				CLANG_ENABLE_MODULES = YES;
				CLANG_ENABLE_OBJC_ARC = YES;
				CLANG_ENABLE_OBJC_WEAK = YES;
				CLANG_WARN_BLOCK_CAPTURE_AUTORELEASING = YES;
				CLANG_WARN_BOOL_CONVERSION = YES;
				CLANG_WARN_COMMA = YES;
				CLANG_WARN_CONSTANT_CONVERSION = YES;
				CLANG_WARN_DEPRECATED_OBJC_IMPLEMENTATIONS = YES;
				CLANG_WARN_DIRECT_OBJC_ISA_USAGE = YES_ERROR;
				CLANG_WARN_DOCUMENTATION_COMMENTS = YES;
				CLANG_WARN_EMPTY_BODY = YES;
				CLANG_WARN_ENUM_CONVERSION = YES;
				CLANG_WARN_INFINITE_RECURSION = YES;
				CLANG_WARN_INT_CONVERSION = YES;
				CLANG_WARN_NON_LITERAL_NULL_CONVERSION = YES;
				CLANG_WARN_OBJC_IMPLICIT_RETAIN_SELF = YES;
				CLANG_WARN_OBJC_LITERAL_CONVERSION = YES;
				CLANG_WARN_OBJC_ROOT_CLASS = YES_ERROR;
				CLANG_WARN_QUOTED_INCLUDE_IN_FRAMEWORK_HEADER = YES;
				CLANG_WARN_RANGE_LOOP_ANALYSIS = YES;
				CLANG_WARN_STRICT_PROTOTYPES = YES;
				CLANG_WARN_SUSPICIOUS_MOVE = YES;
				CLANG_WARN_UNGUARDED_AVAILABILITY = YES_AGGRESSIVE;
				CLANG_WARN_UNREACHABLE_CODE = YES;
				CLANG_WARN__DUPLICATE_METHOD_MATCH = YES;
				COPY_PHASE_STRIP = NO;
				DEBUG_INFORMATION_FORMAT = "dwarf-with-dsym";
				ENABLE_NS_ASSERTIONS = NO;
				ENABLE_STRICT_OBJC_MSGSEND = YES;
				GCC_C_LANGUAGE_STANDARD = gnu11;
				GCC_NO_COMMON_BLOCKS = YES;
				GCC_WARN_64_TO_32_BIT_CONVERSION = YES;
				GCC_WARN_ABOUT_RETURN_TYPE = YES_ERROR;
				GCC_WARN_UNDECLARED_SELECTOR = YES;
				GCC_WARN_UNINITIALIZED_AUTOS = YES_AGGRESSIVE;
				GCC_WARN_UNUSED_FUNCTION = YES;
				GCC_WARN_UNUSED_VARIABLE = YES;
				IPHONEOS_DEPLOYMENT_TARGET = 16.2;
				MTL_ENABLE_DEBUG_INFO = NO;
				MTL_FAST_MATH = YES;
				SDKROOT = iphoneos;
				SWIFT_COMPILATION_MODE = wholemodule;
				SWIFT_OPTIMIZATION_LEVEL = "-O";
				VALIDATE_PRODUCT = YES;
			};
			name = Release;
		};
		3F4562E729CDBBB70077C494 /* Debug */ = {
			isa = XCBuildConfiguration;
			buildSettings = {
				ASSETCATALOG_COMPILER_APPICON_NAME = AppIcon;
				ASSETCATALOG_COMPILER_GLOBAL_ACCENT_COLOR_NAME = AccentColor;
				CODE_SIGN_STYLE = Automatic;
				CURRENT_PROJECT_VERSION = 1;
				GENERATE_INFOPLIST_FILE = YES;
				INFOPLIST_FILE = premierLig/Info.plist;
				INFOPLIST_KEY_UIApplicationSupportsIndirectInputEvents = YES;
				INFOPLIST_KEY_UILaunchStoryboardName = LaunchScreen;
				INFOPLIST_KEY_UIMainStoryboardFile = Main;
				INFOPLIST_KEY_UISupportedInterfaceOrientations_iPad = "UIInterfaceOrientationPortrait UIInterfaceOrientationPortraitUpsideDown UIInterfaceOrientationLandscapeLeft UIInterfaceOrientationLandscapeRight";
				INFOPLIST_KEY_UISupportedInterfaceOrientations_iPhone = "UIInterfaceOrientationPortrait UIInterfaceOrientationLandscapeLeft UIInterfaceOrientationLandscapeRight";
				LD_RUNPATH_SEARCH_PATHS = (
					"$(inherited)",
					"@executable_path/Frameworks",
				);
				MARKETING_VERSION = 1.0;
				PRODUCT_BUNDLE_IDENTIFIER = com.dundar.premierLig;
				PRODUCT_NAME = "$(TARGET_NAME)";
				SWIFT_EMIT_LOC_STRINGS = YES;
				SWIFT_VERSION = 5.0;
				TARGETED_DEVICE_FAMILY = "1,2";
			};
			name = Debug;
		};
		3F4562E829CDBBB70077C494 /* Release */ = {
			isa = XCBuildConfiguration;
			buildSettings = {
				ASSETCATALOG_COMPILER_APPICON_NAME = AppIcon;
				ASSETCATALOG_COMPILER_GLOBAL_ACCENT_COLOR_NAME = AccentColor;
				CODE_SIGN_STYLE = Automatic;
				CURRENT_PROJECT_VERSION = 1;
				GENERATE_INFOPLIST_FILE = YES;
				INFOPLIST_FILE = premierLig/Info.plist;
				INFOPLIST_KEY_UIApplicationSupportsIndirectInputEvents = YES;
				INFOPLIST_KEY_UILaunchStoryboardName = LaunchScreen;
				INFOPLIST_KEY_UIMainStoryboardFile = Main;
				INFOPLIST_KEY_UISupportedInterfaceOrientations_iPad = "UIInterfaceOrientationPortrait UIInterfaceOrientationPortraitUpsideDown UIInterfaceOrientationLandscapeLeft UIInterfaceOrientationLandscapeRight";
				INFOPLIST_KEY_UISupportedInterfaceOrientations_iPhone = "UIInterfaceOrientationPortrait UIInterfaceOrientationLandscapeLeft UIInterfaceOrientationLandscapeRight";
				LD_RUNPATH_SEARCH_PATHS = (
					"$(inherited)",
					"@executable_path/Frameworks",
				);
				MARKETING_VERSION = 1.0;
				PRODUCT_BUNDLE_IDENTIFIER = com.dundar.premierLig;
				PRODUCT_NAME = "$(TARGET_NAME)";
				SWIFT_EMIT_LOC_STRINGS = YES;
				SWIFT_VERSION = 5.0;
				TARGETED_DEVICE_FAMILY = "1,2";
			};
			name = Release;
		};
/* End XCBuildConfiguration section */

/* Begin XCConfigurationList section */
		3F4562CD29CDBBB60077C494 /* Build configuration list for PBXProject "premierLig" */ = {
			isa = XCConfigurationList;
			buildConfigurations = (
				3F4562E429CDBBB70077C494 /* Debug */,
				3F4562E529CDBBB70077C494 /* Release */,
			);
			defaultConfigurationIsVisible = 0;
			defaultConfigurationName = Release;
		};
		3F4562E629CDBBB70077C494 /* Build configuration list for PBXNativeTarget "premierLig" */ = {
			isa = XCConfigurationList;
			buildConfigurations = (
				3F4562E729CDBBB70077C494 /* Debug */,
				3F4562E829CDBBB70077C494 /* Release */,
			);
			defaultConfigurationIsVisible = 0;
			defaultConfigurationName = Release;
		};
/* End XCConfigurationList section */
	};
	rootObject = 3F4562CA29CDBBB60077C494 /* Project object */;
}
